
Microsoft Visual Studio Solution File, Format Version 12.00
# Visual Studio Version 17
VisualStudioVersion = 17.8.34322.80
MinimumVisualStudioVersion = 10.0.40219.1
Project("{FAE04EC0-301F-11D3-BF4B-00C04F79EFBC}") = "Tagdij", "Tagdij\Tagdij.csproj", "{57655E44-77C7-4EE2-A111-820B522F8585}"
EndProject
Global
	GlobalSection(SolutionConfigurationPlatforms) = preSolution
		Debug|Any CPU = Debug|Any CPU
		Release|Any CPU = Release|Any CPU
	EndGlobalSection
	GlobalSection(ProjectConfigurationPlatforms) = postSolution
		{57655E44-77C7-4EE2-A111-820B522F8585}.Debug|Any CPU.ActiveCfg = Debug|Any CPU
		{57655E44-77C7-4EE2-A111-820B522F8585}.Debug|Any CPU.Build.0 = Debug|Any CPU
		{57655E44-77C7-4EE2-A111-820B522F8585}.Release|Any CPU.ActiveCfg = Release|Any CPU
		{57655E44-77C7-4EE2-A111-820B522F8585}.Release|Any CPU.Build.0 = Release|Any CPU
	EndGlobalSection
	GlobalSection(SolutionProperties) = preSolution
		HideSolutionNode = FALSE
	EndGlobalSection
	GlobalSection(ExtensibilityGlobals) = postSolution
		SolutionGuid = {2EA0C517-5D50-4732-AB8D-507E6CA2664B}
	EndGlobalSection
EndGlobal
